
Microsoft Visual Studio Solution File, Format Version 12.00
# Visual Studio Version 16
VisualStudioVersion = 16.0.32407.337
MinimumVisualStudioVersion = 10.0.40219.1
Project("{FAE04EC0-301F-11D3-BF4B-00C04F79EFBC}") = "ConsoleApp2", "ConsoleApp2\ConsoleApp2.csproj", "{9DCA4831-26DE-43A7-ABB7-2427AFAC915C}"
EndProject
Global
	GlobalSection(SolutionConfigurationPlatforms) = preSolution
		Debug|Any CPU = Debug|Any CPU
		Release|Any CPU = Release|Any CPU
	EndGlobalSection
	GlobalSection(ProjectConfigurationPlatforms) = postSolution
		{9DCA4831-26DE-43A7-ABB7-2427AFAC915C}.Debug|Any CPU.ActiveCfg = Debug|Any CPU
		{9DCA4831-26DE-43A7-ABB7-2427AFAC915C}.Debug|Any CPU.Build.0 = Debug|Any CPU
		{9DCA4831-26DE-43A7-ABB7-2427AFAC915C}.Release|Any CPU.ActiveCfg = Release|Any CPU
		{9DCA4831-26DE-43A7-ABB7-2427AFAC915C}.Release|Any CPU.Build.0 = Release|Any CPU
	EndGlobalSection
	GlobalSection(SolutionProperties) = preSolution
		HideSolutionNode = FALSE
	EndGlobalSection
	GlobalSection(ExtensibilityGlobals) = postSolution
		SolutionGuid = {34D186CC-756E-434F-8D1F-3B424252B862}
	EndGlobalSection
EndGlobal
